{
  "nodes": {
    "emacs-overlay": {
      "locked": {
        "lastModified": 1651693867,
        "narHash": "sha256-i2TeXaYvdhkm3Ul1ntIbEvIXWbjjtdq3Zf66U1f4KHg=",
        "owner": "nix-community",
        "repo": "emacs-overlay",
        "rev": "8309def99872ead48b2591d7fd7ed198f0b3fb43",
        "type": "github"
      },
      "original": {
        "owner": "nix-community",
        "repo": "emacs-overlay",
        "type": "github"
      }
    },
    "home-manager": {
      "inputs": {
        "nixpkgs": "nixpkgs"
      },
      "locked": {
        "lastModified": 1651652192,
        "narHash": "sha256-3FUsIJ81p57rOxODRVZ+anhnVav96VWbgNA1H3Np+TY=",
        "owner": "nix-community",
        "repo": "home-manager",
        "rev": "267462dfb36d447421c789a3adf9d460cd09c147",
        "type": "github"
      },
      "original": {
        "owner": "nix-community",
        "ref": "master",
        "repo": "home-manager",
        "type": "github"
      }
    },
    "nixpkgs": {
      "locked": {
        "lastModified": 1651634615,
        "narHash": "sha256-VtvcS61bLh5mIBm9cV3idUHdlfPRFus/NwdJfaj5s8o=",
        "owner": "NixOS",
        "repo": "nixpkgs",
        "rev": "abfd31179174133ab8131139d650297bf4da63b7",
        "type": "github"
      },
      "original": {
        "id": "nixpkgs",
        "type": "indirect"
      }
    },
    "nixpkgs-unstable": {
      "locked": {
        "lastModified": 1651634615,
        "narHash": "sha256-VtvcS61bLh5mIBm9cV3idUHdlfPRFus/NwdJfaj5s8o=",
        "owner": "nixos",
        "repo": "nixpkgs",
        "rev": "abfd31179174133ab8131139d650297bf4da63b7",
        "type": "github"
      },
      "original": {
        "owner": "nixos",
        "ref": "nixpkgs-unstable",
        "repo": "nixpkgs",
        "type": "github"
      }
    },
    "nixpkgs_2": {
      "locked": {
        "lastModified": 1651558728,
        "narHash": "sha256-8HzyRnWlgZluUrVFNOfZAOlA1fghpOSezXvxhalGMUo=",
        "owner": "nixos",
        "repo": "nixpkgs",
        "rev": "cbe587c735b734405f56803e267820ee1559e6c1",
        "type": "github"
      },
      "original": {
        "owner": "nixos",
        "ref": "nixos-unstable",
        "repo": "nixpkgs",
        "type": "github"
      }
    },
    "root": {
      "inputs": {
        "emacs-overlay": "emacs-overlay",
        "home-manager": "home-manager",
        "nixpkgs": "nixpkgs_2",
        "nixpkgs-unstable": "nixpkgs-unstable"
      }
    }
  },
  "root": "root",
  "version": 7
}
