{
  "nodes": {
    "blueprint": {
      "inputs": {
        "nixpkgs": [
          "llm-agents",
          "nixpkgs"
        ],
        "systems": "systems"
      },
      "locked": {
        "lastModified": 1769353768,
        "narHash": "sha256-zI+7cbMI4wMIR57jMjDSEsVb3grapTnURDxxJPYFIW0=",
        "owner": "numtide",
        "repo": "blueprint",
        "rev": "c7da5c70ad1c9b60b6f5d4f674fbe205d48d8f6c",
        "type": "github"
      },
      "original": {
        "owner": "numtide",
        "repo": "blueprint",
        "type": "github"
      }
    },
    "colortest": {
      "inputs": {
        "nixpkgs": [
          "nixos-stable"
        ]
      },
      "locked": {
        "path": "./pkgs/colortest",
        "type": "path"
      },
      "original": {
        "path": "./pkgs/colortest",
        "type": "path"
      },
      "parent": []
    },
    "flatpaks": {
      "locked": {
        "lastModified": 1769601081,
        "narHash": "sha256-J0n+J/qfU3xTf5iaMcQrEK4dA5GSYQcw8XJuhZsM1Pc=",
        "owner": "in-a-dil-emma",
        "repo": "declarative-flatpak",
        "rev": "aba8c5ca67444cf4bcd0b02df284de1c93533a19",
        "type": "github"
      },
      "original": {
        "owner": "in-a-dil-emma",
        "ref": "latest",
        "repo": "declarative-flatpak",
        "type": "github"
      }
    },
    "home-manager-unstable": {
      "inputs": {
        "nixpkgs": [
          "nixos-unstable"
        ]
      },
      "locked": {
        "lastModified": 1769978395,
        "narHash": "sha256-gj1yP3spUb1vGtaF5qPhshd2j0cg4xf51pklDsIm19Q=",
        "owner": "nix-community",
        "repo": "home-manager",
        "rev": "984708c34d3495a518e6ab6b8633469bbca2f77a",
        "type": "github"
      },
      "original": {
        "owner": "nix-community",
        "ref": "master",
        "repo": "home-manager",
        "type": "github"
      }
    },
    "llm-agents": {
      "inputs": {
        "blueprint": "blueprint",
        "nixpkgs": "nixpkgs",
        "treefmt-nix": "treefmt-nix"
      },
      "locked": {
        "lastModified": 1770146949,
        "narHash": "sha256-mAvCkXKD7VYgrAfoFMIBzMO7yBu7JH+HyYQI0gVjIiA=",
        "owner": "numtide",
        "repo": "llm-agents.nix",
        "rev": "8197b8c7764a41bb67e2f28b8bb7b7bbc0429401",
        "type": "github"
      },
      "original": {
        "owner": "numtide",
        "repo": "llm-agents.nix",
        "type": "github"
      }
    },
    "nixos-hardware": {
      "locked": {
        "lastModified": 1769302137,
        "narHash": "sha256-QEDtctEkOsbx8nlFh4yqPEOtr4tif6KTqWwJ37IM2ds=",
        "owner": "NixOS",
        "repo": "nixos-hardware",
        "rev": "a351494b0e35fd7c0b7a1aae82f0afddf4907aa8",
        "type": "github"
      },
      "original": {
        "owner": "NixOS",
        "ref": "master",
        "repo": "nixos-hardware",
        "type": "github"
      }
    },
    "nixos-stable": {
      "locked": {
        "lastModified": 1770056022,
        "narHash": "sha256-yvCz+Qmci1bVucXEyac3TdoSPMtjqVJmVy5wro6j/70=",
        "owner": "nixos",
        "repo": "nixpkgs",
        "rev": "d04d8548aed39902419f14a8537006426dc1e4fa",
        "type": "github"
      },
      "original": {
        "owner": "nixos",
        "ref": "nixos-25.11",
        "repo": "nixpkgs",
        "type": "github"
      }
    },
    "nixos-unstable": {
      "locked": {
        "lastModified": 1770115704,
        "narHash": "sha256-KHFT9UWOF2yRPlAnSXQJh6uVcgNcWlFqqiAZ7OVlHNc=",
        "owner": "nixos",
        "repo": "nixpkgs",
        "rev": "e6eae2ee2110f3d31110d5c222cd395303343b08",
        "type": "github"
      },
      "original": {
        "owner": "nixos",
        "ref": "nixos-unstable",
        "repo": "nixpkgs",
        "type": "github"
      }
    },
    "nixpkgs": {
      "locked": {
        "lastModified": 1770107345,
        "narHash": "sha256-tbS0Ebx2PiA1FRW8mt8oejR0qMXmziJmPaU1d4kYY9g=",
        "owner": "NixOS",
        "repo": "nixpkgs",
        "rev": "4533d9293756b63904b7238acb84ac8fe4c8c2c4",
        "type": "github"
      },
      "original": {
        "owner": "NixOS",
        "ref": "nixpkgs-unstable",
        "repo": "nixpkgs",
        "type": "github"
      }
    },
    "root": {
      "inputs": {
        "colortest": "colortest",
        "flatpaks": "flatpaks",
        "home-manager-unstable": "home-manager-unstable",
        "llm-agents": "llm-agents",
        "nixos-hardware": "nixos-hardware",
        "nixos-stable": "nixos-stable",
        "nixos-unstable": "nixos-unstable"
      }
    },
    "systems": {
      "locked": {
        "lastModified": 1681028828,
        "narHash": "sha256-Vy1rq5AaRuLzOxct8nz4T6wlgyUR7zLU309k9mBC768=",
        "owner": "nix-systems",
        "repo": "default",
        "rev": "da67096a3b9bf56a91d16901293e51ba5b49a27e",
        "type": "github"
      },
      "original": {
        "owner": "nix-systems",
        "repo": "default",
        "type": "github"
      }
    },
    "treefmt-nix": {
      "inputs": {
        "nixpkgs": [
          "llm-agents",
          "nixpkgs"
        ]
      },
      "locked": {
        "lastModified": 1769691507,
        "narHash": "sha256-8aAYwyVzSSwIhP2glDhw/G0i5+wOrren3v6WmxkVonM=",
        "owner": "numtide",
        "repo": "treefmt-nix",
        "rev": "28b19c5844cc6e2257801d43f2772a4b4c050a1b",
        "type": "github"
      },
      "original": {
        "owner": "numtide",
        "repo": "treefmt-nix",
        "type": "github"
      }
    }
  },
  "root": "root",
  "version": 7
}
